{
  "name": "bizon365-sdk",
  "version": "1.0.0",
  "lockfileVersion": 1,
  "requires": true,
  "dependencies": {
    "amocrm-api": {
      "version": "1.3.1",
      "resolved": "https://registry.npmjs.org/amocrm-api/-/amocrm-api-1.3.1.tgz",
      "integrity": "sha512-lktaOlf7/VNjHza3oFzA9dV1R3YwsptQ4Jdon7qwuzVga6lRUywSaSBw3rfUS5pHbuf5a4Mqf04UrbWB51o4iw==",
      "requires": {
        "apiapi": "^1.6.1",
        "axios": "^0.7.0",
        "bluebird": "^3.0.5"
      },
      "dependencies": {
        "axios": {
          "version": "0.7.0",
          "resolved": "https://registry.npmjs.org/axios/-/axios-0.7.0.tgz",
          "integrity": "sha1-SJwmkETVBm36LGTHScsTGxdvSno="
        }
      }
    },
    "apiapi": {
      "version": "1.7.1",
      "resolved": "https://registry.npmjs.org/apiapi/-/apiapi-1.7.1.tgz",
      "integrity": "sha1-R7mcQIo//wtJYDp24hqDQbyL9NI=",
      "requires": {
        "axios": "^0.7.0",
        "bluebird": "^3.0.2",
        "debug": "^2.2.0",
        "lodash": "^3.10.1",
        "shitty-qs": "^1.0.1"
      },
      "dependencies": {
        "axios": {
          "version": "0.7.0",
          "resolved": "https://registry.npmjs.org/axios/-/axios-0.7.0.tgz",
          "integrity": "sha1-SJwmkETVBm36LGTHScsTGxdvSno="
        }
      }
    },
    "axios": {
      "version": "0.19.2",
      "resolved": "https://registry.npmjs.org/axios/-/axios-0.19.2.tgz",
      "integrity": "sha512-fjgm5MvRHLhx+osE2xoekY70AhARk3a6hkN+3Io1jc00jtquGvxYlKlsFUhmUET0V5te6CcZI7lcv2Ym61mjHA==",
      "requires": {
        "follow-redirects": "1.5.10"
      }
    },
    "bluebird": {
      "version": "3.7.2",
      "resolved": "https://registry.npmjs.org/bluebird/-/bluebird-3.7.2.tgz",
      "integrity": "sha512-XpNj6GDQzdfW+r2Wnn7xiSAd7TM3jzkxGXBGTtWKuSXv1xUV+azxAm8jdWZN06QTQk+2N2XB9jRDkvbmQmcRtg=="
    },
    "debug": {
      "version": "2.6.9",
      "resolved": "https://registry.npmjs.org/debug/-/debug-2.6.9.tgz",
      "integrity": "sha512-bC7ElrdJaJnPbAP+1EotYvqZsb3ecl5wi6Bfi6BJTUcNowp6cvspg0jXznRTKDjm/E7AdgFBVeAPVMNcKGsHMA==",
      "requires": {
        "ms": "2.0.0"
      }
    },
    "follow-redirects": {
      "version": "1.5.10",
      "resolved": "https://registry.npmjs.org/follow-redirects/-/follow-redirects-1.5.10.tgz",
      "integrity": "sha512-0V5l4Cizzvqt5D44aTXbFZz+FtyXV1vrDN6qrelxtfYQKW0KO0W2T/hkE8xvGa/540LkZlkaUjO4ailYTFtHVQ==",
      "requires": {
        "debug": "=3.1.0"
      },
      "dependencies": {
        "debug": {
          "version": "3.1.0",
          "resolved": "https://registry.npmjs.org/debug/-/debug-3.1.0.tgz",
          "integrity": "sha512-OX8XqP7/1a9cqkxYw2yXss15f26NKWBpDXQd0/uK/KPqdQhxbPa994hnzjcE2VqQpDslf55723cKPUOGSmMY3g==",
          "requires": {
            "ms": "2.0.0"
          }
        }
      }
    },
    "lodash": {
      "version": "3.10.1",
      "resolved": "https://registry.npmjs.org/lodash/-/lodash-3.10.1.tgz",
      "integrity": "sha1-W/Rejkm6QYnhfUgnid/RW9FAt7Y="
    },
    "moment": {
      "version": "2.24.0",
      "resolved": "https://registry.npmjs.org/moment/-/moment-2.24.0.tgz",
      "integrity": "sha512-bV7f+6l2QigeBBZSM/6yTNq4P2fNpSWj/0e7jQcy87A8e7o2nAfP/34/2ky5Vw4B9S446EtIhodAzkFCcR4dQg=="
    },
    "ms": {
      "version": "2.0.0",
      "resolved": "https://registry.npmjs.org/ms/-/ms-2.0.0.tgz",
      "integrity": "sha1-VgiurfwAvmwpAd9fmGF4jeDVl8g="
    },
    "shitty-qs": {
      "version": "1.0.1",
      "resolved": "https://registry.npmjs.org/shitty-qs/-/shitty-qs-1.0.1.tgz",
      "integrity": "sha1-dxamaTdBHpJzFe1JwPoFrd8jA4Y="
    }
  }
}
